// !$*UTF8*$!
{
	archiveVersion = 1;
	classes = {
	};
	objectVersion = 46;
	objects = {

/* Begin PBXBuildFile section */
		011B86FA19CD8E7A0035FA01 /* ProfileController.m in Sources */ = {isa = PBXBuildFile; fileRef = 011B86F919CD8E7A0035FA01 /* ProfileController.m */; };
		011B870319CDA02B0035FA01 /* SearchContactDelegate.m in Sources */ = {isa = PBXBuildFile; fileRef = 011B870219CDA02B0035FA01 /* SearchContactDelegate.m */; };
		015AB00719C1A7A800864EFE /* NavigationController.m in Sources */ = {isa = PBXBuildFile; fileRef = 015AB00619C1A7A800864EFE /* NavigationController.m */; };
		015AB00A19C1CAE100864EFE /* ContestListController.m in Sources */ = {isa = PBXBuildFile; fileRef = 015AB00919C1CAE100864EFE /* ContestListController.m */; };
		015AB00D19C1CE3600864EFE /* WebAPI.m in Sources */ = {isa = PBXBuildFile; fileRef = 015AB00C19C1CE3600864EFE /* WebAPI.m */; };
		015AB01019C1E91F00864EFE /* LoginController.m in Sources */ = {isa = PBXBuildFile; fileRef = 015AB00F19C1E91F00864EFE /* LoginController.m */; };
		015AB01319C2850B00864EFE /* ClarificationListController.m in Sources */ = {isa = PBXBuildFile; fileRef = 015AB01219C2850B00864EFE /* ClarificationListController.m */; };
		015AB01919C2B76700864EFE /* ClarificationDetailController.m in Sources */ = {isa = PBXBuildFile; fileRef = 015AB01819C2B76700864EFE /* ClarificationDetailController.m */; };
		01761C0719BB3FEF000C4998 /* Foundation.framework in Frameworks */ = {isa = PBXBuildFile; fileRef = 01761C0619BB3FEF000C4998 /* Foundation.framework */; };
		01761C0919BB3FEF000C4998 /* CoreGraphics.framework in Frameworks */ = {isa = PBXBuildFile; fileRef = 01761C0819BB3FEF000C4998 /* CoreGraphics.framework */; };
		01761C0B19BB3FEF000C4998 /* UIKit.framework in Frameworks */ = {isa = PBXBuildFile; fileRef = 01761C0A19BB3FEF000C4998 /* UIKit.framework */; };
		01761C1119BB3FEF000C4998 /* InfoPlist.strings in Resources */ = {isa = PBXBuildFile; fileRef = 01761C0F19BB3FEF000C4998 /* InfoPlist.strings */; };
		01761C1319BB3FEF000C4998 /* main.m in Sources */ = {isa = PBXBuildFile; fileRef = 01761C1219BB3FEF000C4998 /* main.m */; };
		01761C1719BB3FEF000C4998 /* AppDelegate.m in Sources */ = {isa = PBXBuildFile; fileRef = 01761C1619BB3FEF000C4998 /* AppDelegate.m */; };
		01761C1A19BB3FEF000C4998 /* Main.storyboard in Resources */ = {isa = PBXBuildFile; fileRef = 01761C1819BB3FEF000C4998 /* Main.storyboard */; };
		01761C1F19BB3FEF000C4998 /* Images.xcassets in Resources */ = {isa = PBXBuildFile; fileRef = 01761C1E19BB3FEF000C4998 /* Images.xcassets */; };
		01761C2619BB3FEF000C4998 /* XCTest.framework in Frameworks */ = {isa = PBXBuildFile; fileRef = 01761C2519BB3FEF000C4998 /* XCTest.framework */; };
		01761C2719BB3FEF000C4998 /* Foundation.framework in Frameworks */ = {isa = PBXBuildFile; fileRef = 01761C0619BB3FEF000C4998 /* Foundation.framework */; };
		01761C2819BB3FEF000C4998 /* UIKit.framework in Frameworks */ = {isa = PBXBuildFile; fileRef = 01761C0A19BB3FEF000C4998 /* UIKit.framework */; };
		01761C3019BB3FEF000C4998 /* InfoPlist.strings in Resources */ = {isa = PBXBuildFile; fileRef = 01761C2E19BB3FEF000C4998 /* InfoPlist.strings */; };
		01761C3219BB3FEF000C4998 /* Code_Comb_iOSTests.m in Sources */ = {isa = PBXBuildFile; fileRef = 01761C3119BB3FEF000C4998 /* Code_Comb_iOSTests.m */; };
		01A8F8AE19C482AE009AB05A /* ContactListController.m in Sources */ = {isa = PBXBuildFile; fileRef = 01A8F8AD19C482AE009AB05A /* ContactListController.m */; };
		01ACAEDD19C52BE9000F686E /* AVFoundation.framework in Frameworks */ = {isa = PBXBuildFile; fileRef = 01ACAEDC19C52BE9000F686E /* AVFoundation.framework */; };
		01ACAEE319C541D5000F686E /* BroadcastController.m in Sources */ = {isa = PBXBuildFile; fileRef = 01ACAEE219C541D5000F686E /* BroadcastController.m */; };
		01ACAEE619C54849000F686E /* ChatController.m in Sources */ = {isa = PBXBuildFile; fileRef = 01ACAEE519C54849000F686E /* ChatController.m */; };
		E35AF171DDA74EB5B0D1454C /* libPods.a in Frameworks */ = {isa = PBXBuildFile; fileRef = E1C41F03457048B38F0D1BD4 /* libPods.a */; };
/* End PBXBuildFile section */

/* Begin PBXContainerItemProxy section */
		01761C2919BB3FEF000C4998 /* PBXContainerItemProxy */ = {
			isa = PBXContainerItemProxy;
			containerPortal = 01761BFB19BB3FEF000C4998 /* Project object */;
			proxyType = 1;
			remoteGlobalIDString = 01761C0219BB3FEF000C4998;
			remoteInfo = "Code Comb iOS";
		};
/* End PBXContainerItemProxy section */

/* Begin PBXFileReference section */
		011B86F819CD8E7A0035FA01 /* ProfileController.h */ = {isa = PBXFileReference; fileEncoding = 4; lastKnownFileType = sourcecode.c.h; path = ProfileController.h; sourceTree = "<group>"; };
		011B86F919CD8E7A0035FA01 /* ProfileController.m */ = {isa = PBXFileReference; fileEncoding = 4; lastKnownFileType = sourcecode.c.objc; path = ProfileController.m; sourceTree = "<group>"; };
		011B870119CDA02B0035FA01 /* SearchContactDelegate.h */ = {isa = PBXFileReference; fileEncoding = 4; lastKnownFileType = sourcecode.c.h; path = SearchContactDelegate.h; sourceTree = "<group>"; };
		011B870219CDA02B0035FA01 /* SearchContactDelegate.m */ = {isa = PBXFileReference; fileEncoding = 4; lastKnownFileType = sourcecode.c.objc; path = SearchContactDelegate.m; sourceTree = "<group>"; };
		015AB00519C1A7A800864EFE /* NavigationController.h */ = {isa = PBXFileReference; fileEncoding = 4; lastKnownFileType = sourcecode.c.h; path = NavigationController.h; sourceTree = "<group>"; };
		015AB00619C1A7A800864EFE /* NavigationController.m */ = {isa = PBXFileReference; fileEncoding = 4; lastKnownFileType = sourcecode.c.objc; path = NavigationController.m; sourceTree = "<group>"; };
		015AB00819C1CAE100864EFE /* ContestListController.h */ = {isa = PBXFileReference; fileEncoding = 4; lastKnownFileType = sourcecode.c.h; path = ContestListController.h; sourceTree = "<group>"; };
		015AB00919C1CAE100864EFE /* ContestListController.m */ = {isa = PBXFileReference; fileEncoding = 4; lastKnownFileType = sourcecode.c.objc; path = ContestListController.m; sourceTree = "<group>"; };
		015AB00B19C1CE3600864EFE /* WebAPI.h */ = {isa = PBXFileReference; fileEncoding = 4; lastKnownFileType = sourcecode.c.h; path = WebAPI.h; sourceTree = "<group>"; };
		015AB00C19C1CE3600864EFE /* WebAPI.m */ = {isa = PBXFileReference; fileEncoding = 4; lastKnownFileType = sourcecode.c.objc; path = WebAPI.m; sourceTree = "<group>"; };
		015AB00E19C1E91F00864EFE /* LoginController.h */ = {isa = PBXFileReference; fileEncoding = 4; lastKnownFileType = sourcecode.c.h; path = LoginController.h; sourceTree = "<group>"; };
		015AB00F19C1E91F00864EFE /* LoginController.m */ = {isa = PBXFileReference; fileEncoding = 4; lastKnownFileType = sourcecode.c.objc; path = LoginController.m; sourceTree = "<group>"; };
		015AB01119C2850B00864EFE /* ClarificationListController.h */ = {isa = PBXFileReference; fileEncoding = 4; lastKnownFileType = sourcecode.c.h; path = ClarificationListController.h; sourceTree = "<group>"; };
		015AB01219C2850B00864EFE /* ClarificationListController.m */ = {isa = PBXFileReference; fileEncoding = 4; lastKnownFileType = sourcecode.c.objc; path = ClarificationListController.m; sourceTree = "<group>"; };
		015AB01719C2B76700864EFE /* ClarificationDetailController.h */ = {isa = PBXFileReference; fileEncoding = 4; lastKnownFileType = sourcecode.c.h; path = ClarificationDetailController.h; sourceTree = "<group>"; };
		015AB01819C2B76700864EFE /* ClarificationDetailController.m */ = {isa = PBXFileReference; fileEncoding = 4; lastKnownFileType = sourcecode.c.objc; path = ClarificationDetailController.m; sourceTree = "<group>"; };
		01761C0319BB3FEF000C4998 /* Code Comb iOS.app */ = {isa = PBXFileReference; explicitFileType = wrapper.application; includeInIndex = 0; path = "Code Comb iOS.app"; sourceTree = BUILT_PRODUCTS_DIR; };
		01761C0619BB3FEF000C4998 /* Foundation.framework */ = {isa = PBXFileReference; lastKnownFileType = wrapper.framework; name = Foundation.framework; path = System/Library/Frameworks/Foundation.framework; sourceTree = SDKROOT; };
		01761C0819BB3FEF000C4998 /* CoreGraphics.framework */ = {isa = PBXFileReference; lastKnownFileType = wrapper.framework; name = CoreGraphics.framework; path = System/Library/Frameworks/CoreGraphics.framework; sourceTree = SDKROOT; };
		01761C0A19BB3FEF000C4998 /* UIKit.framework */ = {isa = PBXFileReference; lastKnownFileType = wrapper.framework; name = UIKit.framework; path = System/Library/Frameworks/UIKit.framework; sourceTree = SDKROOT; };
		01761C0E19BB3FEF000C4998 /* Code Comb iOS-Info.plist */ = {isa = PBXFileReference; lastKnownFileType = text.plist.xml; path = "Code Comb iOS-Info.plist"; sourceTree = "<group>"; };
		01761C1019BB3FEF000C4998 /* en */ = {isa = PBXFileReference; lastKnownFileType = text.plist.strings; name = en; path = en.lproj/InfoPlist.strings; sourceTree = "<group>"; };
		01761C1219BB3FEF000C4998 /* main.m */ = {isa = PBXFileReference; lastKnownFileType = sourcecode.c.objc; path = main.m; sourceTree = "<group>"; };
		01761C1419BB3FEF000C4998 /* Code Comb iOS-Prefix.pch */ = {isa = PBXFileReference; lastKnownFileType = sourcecode.c.h; path = "Code Comb iOS-Prefix.pch"; sourceTree = "<group>"; };
		01761C1519BB3FEF000C4998 /* AppDelegate.h */ = {isa = PBXFileReference; lastKnownFileType = sourcecode.c.h; path = AppDelegate.h; sourceTree = "<group>"; };
		01761C1619BB3FEF000C4998 /* AppDelegate.m */ = {isa = PBXFileReference; lastKnownFileType = sourcecode.c.objc; path = AppDelegate.m; sourceTree = "<group>"; };
		01761C1919BB3FEF000C4998 /* Base */ = {isa = PBXFileReference; lastKnownFileType = file.storyboard; name = Base; path = Base.lproj/Main.storyboard; sourceTree = "<group>"; };
		01761C1E19BB3FEF000C4998 /* Images.xcassets */ = {isa = PBXFileReference; lastKnownFileType = folder.assetcatalog; path = Images.xcassets; sourceTree = "<group>"; };
		01761C2419BB3FEF000C4998 /* Code Comb iOSTests.xctest */ = {isa = PBXFileReference; explicitFileType = wrapper.cfbundle; includeInIndex = 0; path = "Code Comb iOSTests.xctest"; sourceTree = BUILT_PRODUCTS_DIR; };
		01761C2519BB3FEF000C4998 /* XCTest.framework */ = {isa = PBXFileReference; lastKnownFileType = wrapper.framework; name = XCTest.framework; path = Library/Frameworks/XCTest.framework; sourceTree = DEVELOPER_DIR; };
		01761C2D19BB3FEF000C4998 /* Code Comb iOSTests-Info.plist */ = {isa = PBXFileReference; lastKnownFileType = text.plist.xml; path = "Code Comb iOSTests-Info.plist"; sourceTree = "<group>"; };
		01761C2F19BB3FEF000C4998 /* en */ = {isa = PBXFileReference; lastKnownFileType = text.plist.strings; name = en; path = en.lproj/InfoPlist.strings; sourceTree = "<group>"; };
		01761C3119BB3FEF000C4998 /* Code_Comb_iOSTests.m */ = {isa = PBXFileReference; lastKnownFileType = sourcecode.c.objc; path = Code_Comb_iOSTests.m; sourceTree = "<group>"; };
		01A8F8AC19C482AE009AB05A /* ContactListController.h */ = {isa = PBXFileReference; fileEncoding = 4; lastKnownFileType = sourcecode.c.h; path = ContactListController.h; sourceTree = "<group>"; };
		01A8F8AD19C482AE009AB05A /* ContactListController.m */ = {isa = PBXFileReference; fileEncoding = 4; lastKnownFileType = sourcecode.c.objc; path = ContactListController.m; sourceTree = "<group>"; };
		01ACAEDC19C52BE9000F686E /* AVFoundation.framework */ = {isa = PBXFileReference; lastKnownFileType = wrapper.framework; name = AVFoundation.framework; path = System/Library/Frameworks/AVFoundation.framework; sourceTree = SDKROOT; };
		01ACAEE119C541D5000F686E /* BroadcastController.h */ = {isa = PBXFileReference; fileEncoding = 4; lastKnownFileType = sourcecode.c.h; path = BroadcastController.h; sourceTree = "<group>"; };
		01ACAEE219C541D5000F686E /* BroadcastController.m */ = {isa = PBXFileReference; fileEncoding = 4; lastKnownFileType = sourcecode.c.objc; path = BroadcastController.m; sourceTree = "<group>"; };
		01ACAEE419C54849000F686E /* ChatController.h */ = {isa = PBXFileReference; fileEncoding = 4; lastKnownFileType = sourcecode.c.h; path = ChatController.h; sourceTree = "<group>"; };
		01ACAEE519C54849000F686E /* ChatController.m */ = {isa = PBXFileReference; fileEncoding = 4; lastKnownFileType = sourcecode.c.objc; path = ChatController.m; sourceTree = "<group>"; };
		351B2DF70A894E88B0A12EA7 /* Pods.xcconfig */ = {isa = PBXFileReference; includeInIndex = 1; lastKnownFileType = text.xcconfig; name = Pods.xcconfig; path = Pods/Pods.xcconfig; sourceTree = "<group>"; };
		E1C41F03457048B38F0D1BD4 /* libPods.a */ = {isa = PBXFileReference; explicitFileType = archive.ar; includeInIndex = 0; path = libPods.a; sourceTree = BUILT_PRODUCTS_DIR; };
/* End PBXFileReference section */

/* Begin PBXFrameworksBuildPhase section */
		01761C0019BB3FEF000C4998 /* Frameworks */ = {
			isa = PBXFrameworksBuildPhase;
			buildActionMask = 2147483647;
			files = (
				01ACAEDD19C52BE9000F686E /* AVFoundation.framework in Frameworks */,
				01761C0919BB3FEF000C4998 /* CoreGraphics.framework in Frameworks */,
				01761C0B19BB3FEF000C4998 /* UIKit.framework in Frameworks */,
				01761C0719BB3FEF000C4998 /* Foundation.framework in Frameworks */,
				E35AF171DDA74EB5B0D1454C /* libPods.a in Frameworks */,
			);
			runOnlyForDeploymentPostprocessing = 0;
		};
		01761C2119BB3FEF000C4998 /* Frameworks */ = {
			isa = PBXFrameworksBuildPhase;
			buildActionMask = 2147483647;
			files = (
				01761C2619BB3FEF000C4998 /* XCTest.framework in Frameworks */,
				01761C2819BB3FEF000C4998 /* UIKit.framework in Frameworks */,
				01761C2719BB3FEF000C4998 /* Foundation.framework in Frameworks */,
			);
			runOnlyForDeploymentPostprocessing = 0;
		};
/* End PBXFrameworksBuildPhase section */

/* Begin PBXGroup section */
		01761BFA19BB3FEF000C4998 = {
			isa = PBXGroup;
			children = (
				01761C0C19BB3FEF000C4998 /* Code Comb iOS */,
				01761C2B19BB3FEF000C4998 /* Code Comb iOSTests */,
				01761C0519BB3FEF000C4998 /* Frameworks */,
				01761C0419BB3FEF000C4998 /* Products */,
				351B2DF70A894E88B0A12EA7 /* Pods.xcconfig */,
			);
			sourceTree = "<group>";
		};
		01761C0419BB3FEF000C4998 /* Products */ = {
			isa = PBXGroup;
			children = (
				01761C0319BB3FEF000C4998 /* Code Comb iOS.app */,
				01761C2419BB3FEF000C4998 /* Code Comb iOSTests.xctest */,
			);
			name = Products;
			sourceTree = "<group>";
		};
		01761C0519BB3FEF000C4998 /* Frameworks */ = {
			isa = PBXGroup;
			children = (
				01ACAEDC19C52BE9000F686E /* AVFoundation.framework */,
				01761C0619BB3FEF000C4998 /* Foundation.framework */,
				01761C0819BB3FEF000C4998 /* CoreGraphics.framework */,
				01761C0A19BB3FEF000C4998 /* UIKit.framework */,
				01761C2519BB3FEF000C4998 /* XCTest.framework */,
				E1C41F03457048B38F0D1BD4 /* libPods.a */,
			);
			name = Frameworks;
			sourceTree = "<group>";
		};
		01761C0C19BB3FEF000C4998 /* Code Comb iOS */ = {
			isa = PBXGroup;
			children = (
				01761C1519BB3FEF000C4998 /* AppDelegate.h */,
				01761C1619BB3FEF000C4998 /* AppDelegate.m */,
				01761C1819BB3FEF000C4998 /* Main.storyboard */,
				01761C1E19BB3FEF000C4998 /* Images.xcassets */,
				01761C0D19BB3FEF000C4998 /* Supporting Files */,
				015AB00519C1A7A800864EFE /* NavigationController.h */,
				015AB00619C1A7A800864EFE /* NavigationController.m */,
				015AB00819C1CAE100864EFE /* ContestListController.h */,
				015AB00919C1CAE100864EFE /* ContestListController.m */,
				015AB00B19C1CE3600864EFE /* WebAPI.h */,
				015AB00C19C1CE3600864EFE /* WebAPI.m */,
				015AB00E19C1E91F00864EFE /* LoginController.h */,
				015AB00F19C1E91F00864EFE /* LoginController.m */,
				015AB01119C2850B00864EFE /* ClarificationListController.h */,
				015AB01219C2850B00864EFE /* ClarificationListController.m */,
				015AB01719C2B76700864EFE /* ClarificationDetailController.h */,
				015AB01819C2B76700864EFE /* ClarificationDetailController.m */,
				01A8F8AC19C482AE009AB05A /* ContactListController.h */,
				01A8F8AD19C482AE009AB05A /* ContactListController.m */,
				01ACAEE119C541D5000F686E /* BroadcastController.h */,
				01ACAEE219C541D5000F686E /* BroadcastController.m */,
				01ACAEE419C54849000F686E /* ChatController.h */,
				01ACAEE519C54849000F686E /* ChatController.m */,
				011B86F819CD8E7A0035FA01 /* ProfileController.h */,
				011B86F919CD8E7A0035FA01 /* ProfileController.m */,
				011B870119CDA02B0035FA01 /* SearchContactDelegate.h */,
				011B870219CDA02B0035FA01 /* SearchContactDelegate.m */,
			);
			path = "Code Comb iOS";
			sourceTree = "<group>";
		};
		01761C0D19BB3FEF000C4998 /* Supporting Files */ = {
			isa = PBXGroup;
			children = (
				01761C0E19BB3FEF000C4998 /* Code Comb iOS-Info.plist */,
				01761C0F19BB3FEF000C4998 /* InfoPlist.strings */,
				01761C1219BB3FEF000C4998 /* main.m */,
				01761C1419BB3FEF000C4998 /* Code Comb iOS-Prefix.pch */,
			);
			name = "Supporting Files";
			sourceTree = "<group>";
		};
		01761C2B19BB3FEF000C4998 /* Code Comb iOSTests */ = {
			isa = PBXGroup;
			children = (
				01761C3119BB3FEF000C4998 /* Code_Comb_iOSTests.m */,
				01761C2C19BB3FEF000C4998 /* Supporting Files */,
			);
			path = "Code Comb iOSTests";
			sourceTree = "<group>";
		};
		01761C2C19BB3FEF000C4998 /* Supporting Files */ = {
			isa = PBXGroup;
			children = (
				01761C2D19BB3FEF000C4998 /* Code Comb iOSTests-Info.plist */,
				01761C2E19BB3FEF000C4998 /* InfoPlist.strings */,
			);
			name = "Supporting Files";
			sourceTree = "<group>";
		};
/* End PBXGroup section */

/* Begin PBXNativeTarget section */
		01761C0219BB3FEF000C4998 /* Code Comb iOS */ = {
			isa = PBXNativeTarget;
			buildConfigurationList = 01761C3519BB3FEF000C4998 /* Build configuration list for PBXNativeTarget "Code Comb iOS" */;
			buildPhases = (
				87E45E926F9A461BB4E38D9C /* Check Pods Manifest.lock */,
				01761BFF19BB3FEF000C4998 /* Sources */,
				01761C0019BB3FEF000C4998 /* Frameworks */,
				01761C0119BB3FEF000C4998 /* Resources */,
				540FFA33266D4C3DA1AB4BFF /* Copy Pods Resources */,
			);
			buildRules = (
			);
			dependencies = (
			);
			name = "Code Comb iOS";
			productName = "Code Comb iOS";
			productReference = 01761C0319BB3FEF000C4998 /* Code Comb iOS.app */;
			productType = "com.apple.product-type.application";
		};
		01761C2319BB3FEF000C4998 /* Code Comb iOSTests */ = {
			isa = PBXNativeTarget;
			buildConfigurationList = 01761C3819BB3FEF000C4998 /* Build configuration list for PBXNativeTarget "Code Comb iOSTests" */;
			buildPhases = (
				01761C2019BB3FEF000C4998 /* Sources */,
				01761C2119BB3FEF000C4998 /* Frameworks */,
				01761C2219BB3FEF000C4998 /* Resources */,
			);
			buildRules = (
			);
			dependencies = (
				01761C2A19BB3FEF000C4998 /* PBXTargetDependency */,
			);
			name = "Code Comb iOSTests";
			productName = "Code Comb iOSTests";
			productReference = 01761C2419BB3FEF000C4998 /* Code Comb iOSTests.xctest */;
			productType = "com.apple.product-type.bundle.unit-test";
		};
/* End PBXNativeTarget section */

/* Begin PBXProject section */
		01761BFB19BB3FEF000C4998 /* Project object */ = {
			isa = PBXProject;
			attributes = {
				LastUpgradeCheck = 0510;
				ORGANIZATIONNAME = "Code Comb";
				TargetAttributes = {
					01761C0219BB3FEF000C4998 = {
						DevelopmentTeam = FU9P3S69Y7;
					};
					01761C2319BB3FEF000C4998 = {
						TestTargetID = 01761C0219BB3FEF000C4998;
					};
				};
			};
			buildConfigurationList = 01761BFE19BB3FEF000C4998 /* Build configuration list for PBXProject "Code Comb iOS" */;
			compatibilityVersion = "Xcode 3.2";
			developmentRegion = English;
			hasScannedForEncodings = 0;
			knownRegions = (
				en,
				Base,
			);
			mainGroup = 01761BFA19BB3FEF000C4998;
			productRefGroup = 01761C0419BB3FEF000C4998 /* Products */;
			projectDirPath = "";
			projectRoot = "";
			targets = (
				01761C0219BB3FEF000C4998 /* Code Comb iOS */,
				01761C2319BB3FEF000C4998 /* Code Comb iOSTests */,
			);
		};
/* End PBXProject section */

/* Begin PBXResourcesBuildPhase section */
		01761C0119BB3FEF000C4998 /* Resources */ = {
			isa = PBXResourcesBuildPhase;
			buildActionMask = 2147483647;
			files = (
				01761C1F19BB3FEF000C4998 /* Images.xcassets in Resources */,
				01761C1119BB3FEF000C4998 /* InfoPlist.strings in Resources */,
				01761C1A19BB3FEF000C4998 /* Main.storyboard in Resources */,
			);
			runOnlyForDeploymentPostprocessing = 0;
		};
		01761C2219BB3FEF000C4998 /* Resources */ = {
			isa = PBXResourcesBuildPhase;
			buildActionMask = 2147483647;
			files = (
				01761C3019BB3FEF000C4998 /* InfoPlist.strings in Resources */,
			);
			runOnlyForDeploymentPostprocessing = 0;
		};
/* End PBXResourcesBuildPhase section */

/* Begin PBXShellScriptBuildPhase section */
		540FFA33266D4C3DA1AB4BFF /* Copy Pods Resources */ = {
			isa = PBXShellScriptBuildPhase;
			buildActionMask = 2147483647;
			files = (
			);
			inputPaths = (
			);
			name = "Copy Pods Resources";
			outputPaths = (
			);
			runOnlyForDeploymentPostprocessing = 0;
			shellPath = /bin/sh;
			shellScript = "\"${SRCROOT}/Pods/Pods-resources.sh\"\n";
			showEnvVarsInLog = 0;
		};
		87E45E926F9A461BB4E38D9C /* Check Pods Manifest.lock */ = {
			isa = PBXShellScriptBuildPhase;
			buildActionMask = 2147483647;
			files = (
			);
			inputPaths = (
			);
			name = "Check Pods Manifest.lock";
			outputPaths = (
			);
			runOnlyForDeploymentPostprocessing = 0;
			shellPath = /bin/sh;
			shellScript = "diff \"${PODS_ROOT}/../Podfile.lock\" \"${PODS_ROOT}/Manifest.lock\" > /dev/null\nif [[ $? != 0 ]] ; then\n    cat << EOM\nerror: The sandbox is not in sync with the Podfile.lock. Run 'pod install' or update your CocoaPods installation.\nEOM\n    exit 1\nfi\n";
			showEnvVarsInLog = 0;
		};
/* End PBXShellScriptBuildPhase section */

/* Begin PBXSourcesBuildPhase section */
		01761BFF19BB3FEF000C4998 /* Sources */ = {
			isa = PBXSourcesBuildPhase;
			buildActionMask = 2147483647;
			files = (
				015AB00D19C1CE3600864EFE /* WebAPI.m in Sources */,
				01ACAEE619C54849000F686E /* ChatController.m in Sources */,
				01A8F8AE19C482AE009AB05A /* ContactListController.m in Sources */,
				015AB01919C2B76700864EFE /* ClarificationDetailController.m in Sources */,
				01ACAEE319C541D5000F686E /* BroadcastController.m in Sources */,
				015AB00719C1A7A800864EFE /* NavigationController.m in Sources */,
				01761C1719BB3FEF000C4998 /* AppDelegate.m in Sources */,
				015AB00A19C1CAE100864EFE /* ContestListController.m in Sources */,
				01761C1319BB3FEF000C4998 /* main.m in Sources */,
				011B870319CDA02B0035FA01 /* SearchContactDelegate.m in Sources */,
				015AB01319C2850B00864EFE /* ClarificationListController.m in Sources */,
				015AB01019C1E91F00864EFE /* LoginController.m in Sources */,
				011B86FA19CD8E7A0035FA01 /* ProfileController.m in Sources */,
			);
			runOnlyForDeploymentPostprocessing = 0;
		};
		01761C2019BB3FEF000C4998 /* Sources */ = {
			isa = PBXSourcesBuildPhase;
			buildActionMask = 2147483647;
			files = (
				01761C3219BB3FEF000C4998 /* Code_Comb_iOSTests.m in Sources */,
			);
			runOnlyForDeploymentPostprocessing = 0;
		};
/* End PBXSourcesBuildPhase section */

/* Begin PBXTargetDependency section */
		01761C2A19BB3FEF000C4998 /* PBXTargetDependency */ = {
			isa = PBXTargetDependency;
			target = 01761C0219BB3FEF000C4998 /* Code Comb iOS */;
			targetProxy = 01761C2919BB3FEF000C4998 /* PBXContainerItemProxy */;
		};
/* End PBXTargetDependency section */

/* Begin PBXVariantGroup section */
		01761C0F19BB3FEF000C4998 /* InfoPlist.strings */ = {
			isa = PBXVariantGroup;
			children = (
				01761C1019BB3FEF000C4998 /* en */,
			);
			name = InfoPlist.strings;
			sourceTree = "<group>";
		};
		01761C1819BB3FEF000C4998 /* Main.storyboard */ = {
			isa = PBXVariantGroup;
			children = (
				01761C1919BB3FEF000C4998 /* Base */,
			);
			name = Main.storyboard;
			sourceTree = "<group>";
		};
		01761C2E19BB3FEF000C4998 /* InfoPlist.strings */ = {
			isa = PBXVariantGroup;
			children = (
				01761C2F19BB3FEF000C4998 /* en */,
			);
			name = InfoPlist.strings;
			sourceTree = "<group>";
		};
/* End PBXVariantGroup section */

/* Begin XCBuildConfiguration section */
		01761C3319BB3FEF000C4998 /* Debug */ = {
			isa = XCBuildConfiguration;
			buildSettings = {
				ALWAYS_SEARCH_USER_PATHS = NO;
				CLANG_CXX_LANGUAGE_STANDARD = "gnu++0x";
				CLANG_CXX_LIBRARY = "libc++";
				CLANG_ENABLE_MODULES = YES;
				CLANG_ENABLE_OBJC_ARC = YES;
				CLANG_WARN_BOOL_CONVERSION = YES;
				CLANG_WARN_CONSTANT_CONVERSION = YES;
				CLANG_WARN_DIRECT_OBJC_ISA_USAGE = YES_ERROR;
				CLANG_WARN_EMPTY_BODY = YES;
				CLANG_WARN_ENUM_CONVERSION = YES;
				CLANG_WARN_INT_CONVERSION = YES;
				CLANG_WARN_OBJC_ROOT_CLASS = YES_ERROR;
				CLANG_WARN__DUPLICATE_METHOD_MATCH = YES;
				"CODE_SIGN_IDENTITY[sdk=iphoneos*]" = "iPhone Developer";
				COPY_PHASE_STRIP = NO;
				GCC_C_LANGUAGE_STANDARD = gnu99;
				GCC_DYNAMIC_NO_PIC = NO;
				GCC_OPTIMIZATION_LEVEL = 0;
				GCC_PREPROCESSOR_DEFINITIONS = (
					"DEBUG=1",
					"$(inherited)",
				);
				GCC_SYMBOLS_PRIVATE_EXTERN = NO;
				GCC_WARN_64_TO_32_BIT_CONVERSION = YES;
				GCC_WARN_ABOUT_RETURN_TYPE = YES_ERROR;
				GCC_WARN_UNDECLARED_SELECTOR = YES;
				GCC_WARN_UNINITIALIZED_AUTOS = YES_AGGRESSIVE;
				GCC_WARN_UNUSED_FUNCTION = YES;
				GCC_WARN_UNUSED_VARIABLE = YES;
				IPHONEOS_DEPLOYMENT_TARGET = 7.1;
				ONLY_ACTIVE_ARCH = YES;
				SDKROOT = iphoneos;
			};
			name = Debug;
		};
		01761C3419BB3FEF000C4998 /* Release */ = {
			isa = XCBuildConfiguration;
			buildSettings = {
				ALWAYS_SEARCH_USER_PATHS = NO;
				CLANG_CXX_LANGUAGE_STANDARD = "gnu++0x";
				CLANG_CXX_LIBRARY = "libc++";
				CLANG_ENABLE_MODULES = YES;
				CLANG_ENABLE_OBJC_ARC = YES;
				CLANG_WARN_BOOL_CONVERSION = YES;
				CLANG_WARN_CONSTANT_CONVERSION = YES;
				CLANG_WARN_DIRECT_OBJC_ISA_USAGE = YES_ERROR;
				CLANG_WARN_EMPTY_BODY = YES;
				CLANG_WARN_ENUM_CONVERSION = YES;
				CLANG_WARN_INT_CONVERSION = YES;
				CLANG_WARN_OBJC_ROOT_CLASS = YES_ERROR;
				CLANG_WARN__DUPLICATE_METHOD_MATCH = YES;
				"CODE_SIGN_IDENTITY[sdk=iphoneos*]" = "iPhone Developer";
				COPY_PHASE_STRIP = YES;
				ENABLE_NS_ASSERTIONS = NO;
				GCC_C_LANGUAGE_STANDARD = gnu99;
				GCC_WARN_64_TO_32_BIT_CONVERSION = YES;
				GCC_WARN_ABOUT_RETURN_TYPE = YES_ERROR;
				GCC_WARN_UNDECLARED_SELECTOR = YES;
				GCC_WARN_UNINITIALIZED_AUTOS = YES_AGGRESSIVE;
				GCC_WARN_UNUSED_FUNCTION = YES;
				GCC_WARN_UNUSED_VARIABLE = YES;
				IPHONEOS_DEPLOYMENT_TARGET = 7.1;
				SDKROOT = iphoneos;
				VALIDATE_PRODUCT = YES;
			};
			name = Release;
		};
		01761C3619BB3FEF000C4998 /* Debug */ = {
			isa = XCBuildConfiguration;
			baseConfigurationReference = 351B2DF70A894E88B0A12EA7 /* Pods.xcconfig */;
			buildSettings = {
				ASSETCATALOG_COMPILER_APPICON_NAME = AppIcon;
				ASSETCATALOG_COMPILER_LAUNCHIMAGE_NAME = LaunchImage;
				CODE_SIGN_IDENTITY = "iPhone Developer";
				"CODE_SIGN_IDENTITY[sdk=iphoneos*]" = "iPhone Developer";
				GCC_PRECOMPILE_PREFIX_HEADER = YES;
				GCC_PREFIX_HEADER = "Code Comb iOS/Code Comb iOS-Prefix.pch";
				INFOPLIST_FILE = "Code Comb iOS/Code Comb iOS-Info.plist";
				IPHONEOS_DEPLOYMENT_TARGET = 7.0;
				ONLY_ACTIVE_ARCH = YES;
				PRODUCT_NAME = "$(TARGET_NAME)";
				PROVISIONING_PROFILE = "";
				WRAPPER_EXTENSION = app;
			};
			name = Debug;
		};
		01761C3719BB3FEF000C4998 /* Release */ = {
			isa = XCBuildConfiguration;
			baseConfigurationReference = 351B2DF70A894E88B0A12EA7 /* Pods.xcconfig */;
			buildSettings = {
				ASSETCATALOG_COMPILER_APPICON_NAME = AppIcon;
				ASSETCATALOG_COMPILER_LAUNCHIMAGE_NAME = LaunchImage;
				CODE_SIGN_IDENTITY = "iPhone Developer";
				"CODE_SIGN_IDENTITY[sdk=iphoneos*]" = "iPhone Developer";
				GCC_PRECOMPILE_PREFIX_HEADER = YES;
				GCC_PREFIX_HEADER = "Code Comb iOS/Code Comb iOS-Prefix.pch";
				INFOPLIST_FILE = "Code Comb iOS/Code Comb iOS-Info.plist";
				IPHONEOS_DEPLOYMENT_TARGET = 7.0;
				ONLY_ACTIVE_ARCH = NO;
				PRODUCT_NAME = "$(TARGET_NAME)";
				PROVISIONING_PROFILE = "";
				WRAPPER_EXTENSION = app;
			};
			name = Release;
		};
		01761C3919BB3FEF000C4998 /* Debug */ = {
			isa = XCBuildConfiguration;
			buildSettings = {
				BUNDLE_LOADER = "$(BUILT_PRODUCTS_DIR)/Code Comb iOS.app/Code Comb iOS";
				FRAMEWORK_SEARCH_PATHS = (
					"$(SDKROOT)/Developer/Library/Frameworks",
					"$(inherited)",
					"$(DEVELOPER_FRAMEWORKS_DIR)",
				);
				GCC_PRECOMPILE_PREFIX_HEADER = YES;
				GCC_PREFIX_HEADER = "Code Comb iOS/Code Comb iOS-Prefix.pch";
				GCC_PREPROCESSOR_DEFINITIONS = (
					"DEBUG=1",
					"$(inherited)",
				);
				INFOPLIST_FILE = "Code Comb iOSTests/Code Comb iOSTests-Info.plist";
				PRODUCT_NAME = "$(TARGET_NAME)";
				TEST_HOST = "$(BUNDLE_LOADER)";
				WRAPPER_EXTENSION = xctest;
			};
			name = Debug;
		};
		01761C3A19BB3FEF000C4998 /* Release */ = {
			isa = XCBuildConfiguration;
			buildSettings = {
				BUNDLE_LOADER = "$(BUILT_PRODUCTS_DIR)/Code Comb iOS.app/Code Comb iOS";
				FRAMEWORK_SEARCH_PATHS = (
					"$(SDKROOT)/Developer/Library/Frameworks",
					"$(inherited)",
					"$(DEVELOPER_FRAMEWORKS_DIR)",
				);
				GCC_PRECOMPILE_PREFIX_HEADER = YES;
				GCC_PREFIX_HEADER = "Code Comb iOS/Code Comb iOS-Prefix.pch";
				INFOPLIST_FILE = "Code Comb iOSTests/Code Comb iOSTests-Info.plist";
				PRODUCT_NAME = "$(TARGET_NAME)";
				TEST_HOST = "$(BUNDLE_LOADER)";
				WRAPPER_EXTENSION = xctest;
			};
			name = Release;
		};
/* End XCBuildConfiguration section */

/* Begin XCConfigurationList section */
		01761BFE19BB3FEF000C4998 /* Build configuration list for PBXProject "Code Comb iOS" */ = {
			isa = XCConfigurationList;
			buildConfigurations = (
				01761C3319BB3FEF000C4998 /* Debug */,
				01761C3419BB3FEF000C4998 /* Release */,
			);
			defaultConfigurationIsVisible = 0;
			defaultConfigurationName = Release;
		};
		01761C3519BB3FEF000C4998 /* Build configuration list for PBXNativeTarget "Code Comb iOS" */ = {
			isa = XCConfigurationList;
			buildConfigurations = (
				01761C3619BB3FEF000C4998 /* Debug */,
				01761C3719BB3FEF000C4998 /* Release */,
			);
			defaultConfigurationIsVisible = 0;
			defaultConfigurationName = Release;
		};
		01761C3819BB3FEF000C4998 /* Build configuration list for PBXNativeTarget "Code Comb iOSTests" */ = {
			isa = XCConfigurationList;
			buildConfigurations = (
				01761C3919BB3FEF000C4998 /* Debug */,
				01761C3A19BB3FEF000C4998 /* Release */,
			);
			defaultConfigurationIsVisible = 0;
			defaultConfigurationName = Release;
		};
/* End XCConfigurationList section */
	};
	rootObject = 01761BFB19BB3FEF000C4998 /* Project object */;
}
